schema: '2.0'
stages:
  data_ingestion:
    cmd: python src\data\data_injection.py
    deps:
    - path: src/custom_logging/__init__.py
      hash: md5
      md5: 9ed3123c693209648be314b17311d447
      size: 586
    - path: src/data/data_injection.py
      hash: md5
      md5: fcd9607a7a7c2cf19ecd17595fe739e3
      size: 1260
    - path: src/exeption/__init__.py
      hash: md5
      md5: 4abe8ec98542ccc960ae477582dd3bc6
      size: 1056
    - path: src/utils/__init__.py
      hash: md5
      md5: da90665289e3eb269f74d9a094811be5
      size: 7360
    params:
      params.yaml:
        data_ingestion.test_size: 0.25
    outs:
    - path: data/raw
      hash: md5
      md5: 3a301dd6a0b3caa261222635788eb1a5.dir
      size: 827973
      nfiles: 2
  data_preprocessing:
    cmd: python src/data/data_prepeocessing.py
    deps:
    - path: data/raw
      hash: md5
      md5: 3a301dd6a0b3caa261222635788eb1a5.dir
      size: 827973
      nfiles: 2
    - path: src/custom_logging/__init__.py
      hash: md5
      md5: 9ed3123c693209648be314b17311d447
      size: 586
    - path: src/data/data_prepeocessing.py
      hash: md5
      md5: a5cb08fc2f6cc36a5216ed214cb44185
      size: 1498
    - path: src/exeption/__init__.py
      hash: md5
      md5: 4abe8ec98542ccc960ae477582dd3bc6
      size: 1056
    - path: src/utils/__init__.py
      hash: md5
      md5: da90665289e3eb269f74d9a094811be5
      size: 7360
    outs:
    - path: data/interim
      hash: md5
      md5: 4616fdeb50815ff81106f3ec9d0fa432.dir
      size: 572633
      nfiles: 2
