schema: '2.0'
stages:
  data_ingestion:
    cmd: python src\data\data_injection.py
    deps:
    - path: src/custom_logging/__init__.py
      hash: md5
      md5: 9ed3123c693209648be314b17311d447
      size: 586
    - path: src/data/data_injection.py
      hash: md5
      md5: b472201d00199d2ca57316151444a5ce
      size: 955
    - path: src/exeption/__init__.py
      hash: md5
      md5: 41ade915ec809435655b4def05c445e7
      size: 1057
    - path: src/utils/__init__.py
      hash: md5
      md5: b198babb8d7b326118fd6f5b22a784ea
      size: 7354
    params:
      params.yaml:
        data_ingestion.test_size: 0.3
    outs:
    - path: data/raw
      hash: md5
      md5: 03b3b604b1f92a17191a7fc947e576d6.dir
      size: 827973
      nfiles: 2
  data_preprocessing:
    cmd: python src/data/data_prepeocessing.py
    deps:
    - path: data/raw
      hash: md5
      md5: 03b3b604b1f92a17191a7fc947e576d6.dir
      size: 827973
      nfiles: 2
    - path: src/custom_logging/__init__.py
      hash: md5
      md5: 9ed3123c693209648be314b17311d447
      size: 586
    - path: src/data/data_prepeocessing.py
      hash: md5
      md5: dbff93f005b62b9fac5b0b413590e416
      size: 1282
    - path: src/exeption/__init__.py
      hash: md5
      md5: 41ade915ec809435655b4def05c445e7
      size: 1057
    - path: src/utils/__init__.py
      hash: md5
      md5: b198babb8d7b326118fd6f5b22a784ea
      size: 7354
    outs:
    - path: data/interim
      hash: md5
      md5: 994c49fadcae57312a3667f2eba4dc35.dir
      size: 572633
      nfiles: 2
